
Microsoft Visual Studio Solution File, Format Version 12.00
# Visual Studio 14
VisualStudioVersion = 14.0.23107.0
MinimumVisualStudioVersion = 10.0.40219.1
Project("{FAE04EC0-301F-11D3-BF4B-00C04F79EFBC}") = "Receiver", "Receiver\Receiver.csproj", "{A30AAED1-1582-43BE-9941-FB7EB0912EEB}"
EndProject
Project("{FAE04EC0-301F-11D3-BF4B-00C04F79EFBC}") = "NativeSender", "NativeSender\NativeSender.csproj", "{1FA2CB66-386A-42AB-8DD5-33824E11A29F}"
EndProject
Project("{FAE04EC0-301F-11D3-BF4B-00C04F79EFBC}") = "Shared", "Shared\Shared.csproj", "{694E974A-FE88-4D6B-B492-29E2455DE195}"
EndProject
Global
	GlobalSection(SolutionConfigurationPlatforms) = preSolution
		Debug|Any CPU = Debug|Any CPU
		Release|Any CPU = Release|Any CPU
	EndGlobalSection
	GlobalSection(ProjectConfigurationPlatforms) = postSolution
		{A30AAED1-1582-43BE-9941-FB7EB0912EEB}.Debug|Any CPU.ActiveCfg = Debug|Any CPU
		{A30AAED1-1582-43BE-9941-FB7EB0912EEB}.Debug|Any CPU.Build.0 = Debug|Any CPU
		{A30AAED1-1582-43BE-9941-FB7EB0912EEB}.Release|Any CPU.ActiveCfg = Release|Any CPU
		{A30AAED1-1582-43BE-9941-FB7EB0912EEB}.Release|Any CPU.Build.0 = Release|Any CPU
		{1FA2CB66-386A-42AB-8DD5-33824E11A29F}.Debug|Any CPU.ActiveCfg = Debug|Any CPU
		{1FA2CB66-386A-42AB-8DD5-33824E11A29F}.Debug|Any CPU.Build.0 = Debug|Any CPU
		{1FA2CB66-386A-42AB-8DD5-33824E11A29F}.Release|Any CPU.ActiveCfg = Release|Any CPU
		{1FA2CB66-386A-42AB-8DD5-33824E11A29F}.Release|Any CPU.Build.0 = Release|Any CPU
		{694E974A-FE88-4D6B-B492-29E2455DE195}.Debug|Any CPU.ActiveCfg = Debug|Any CPU
		{694E974A-FE88-4D6B-B492-29E2455DE195}.Debug|Any CPU.Build.0 = Debug|Any CPU
		{694E974A-FE88-4D6B-B492-29E2455DE195}.Release|Any CPU.ActiveCfg = Release|Any CPU
		{694E974A-FE88-4D6B-B492-29E2455DE195}.Release|Any CPU.Build.0 = Release|Any CPU
	EndGlobalSection
	GlobalSection(SolutionProperties) = preSolution
		HideSolutionNode = FALSE
	EndGlobalSection
EndGlobal
